{
  "requires": true,
  "lockfileVersion": 1,
  "dependencies": {
    "@kozakl/legacy-tween": {
      "version": "1.0.1",
      "resolved": "https://registry.npmjs.org/@kozakl/legacy-tween/-/legacy-tween-1.0.1.tgz",
      "integrity": "sha512-ofXkjcKc3rtgw7rf01yIeBmewjpD/iSs2sRS9Ki4Hj87lz5FQhObedXbpVfeXbIDD5bukTB1XL6QbkvCcb/Ixg=="
    },
    "@kozakl/legacy-utils": {
      "version": "1.0.1",
      "resolved": "https://registry.npmjs.org/@kozakl/legacy-utils/-/legacy-utils-1.0.1.tgz",
      "integrity": "sha512-XbfviFWOUpZBxjLoXQpHh4nnypz7vY0dT/qG5CDSgPxHHKPzhqPp892b4+/+YWBatFEfa2Zv8uAaNvxXFRfG7Q=="
    }
  }
}
